
Microsoft Visual Studio Solution File, Format Version 12.00
# Visual Studio 15
VisualStudioVersion = 15.0.28010.2048
MinimumVisualStudioVersion = 10.0.40219.1
Project("{FAE04EC0-301F-11D3-BF4B-00C04F79EFBC}") = "TileDownloader", "TileDownloader\TileDownloader.csproj", "{C98C0129-6747-4841-BC05-215D77E4349A}"
EndProject
Global
	GlobalSection(SolutionConfigurationPlatforms) = preSolution
		Debug|Any CPU = Debug|Any CPU
		Release|Any CPU = Release|Any CPU
	EndGlobalSection
	GlobalSection(ProjectConfigurationPlatforms) = postSolution
		{C98C0129-6747-4841-BC05-215D77E4349A}.Debug|Any CPU.ActiveCfg = Debug|Any CPU
		{C98C0129-6747-4841-BC05-215D77E4349A}.Debug|Any CPU.Build.0 = Debug|Any CPU
		{C98C0129-6747-4841-BC05-215D77E4349A}.Release|Any CPU.ActiveCfg = Release|Any CPU
		{C98C0129-6747-4841-BC05-215D77E4349A}.Release|Any CPU.Build.0 = Release|Any CPU
	EndGlobalSection
	GlobalSection(SolutionProperties) = preSolution
		HideSolutionNode = FALSE
	EndGlobalSection
	GlobalSection(ExtensibilityGlobals) = postSolution
		SolutionGuid = {0C56AA25-DC23-4E45-AC05-A31ED5A36AB2}
	EndGlobalSection
EndGlobal
